
Microsoft Visual Studio Solution File, Format Version 12.00
# Visual Studio Version 16
VisualStudioVersion = 16.0.31911.196
MinimumVisualStudioVersion = 10.0.40219.1
Project("{FAE04EC0-301F-11D3-BF4B-00C04F79EFBC}") = "uia-test-console", "uia-test-console.csproj", "{0C49934F-60D7-408B-8B79-6059C125A2B5}"
EndProject
Global
	GlobalSection(SolutionConfigurationPlatforms) = preSolution
		Debug|Any CPU = Debug|Any CPU
		Release|Any CPU = Release|Any CPU
	EndGlobalSection
	GlobalSection(ProjectConfigurationPlatforms) = postSolution
		{0C49934F-60D7-408B-8B79-6059C125A2B5}.Debug|Any CPU.ActiveCfg = Debug|Any CPU
		{0C49934F-60D7-408B-8B79-6059C125A2B5}.Debug|Any CPU.Build.0 = Debug|Any CPU
		{0C49934F-60D7-408B-8B79-6059C125A2B5}.Release|Any CPU.ActiveCfg = Release|Any CPU
		{0C49934F-60D7-408B-8B79-6059C125A2B5}.Release|Any CPU.Build.0 = Release|Any CPU
	EndGlobalSection
	GlobalSection(SolutionProperties) = preSolution
		HideSolutionNode = FALSE
	EndGlobalSection
	GlobalSection(ExtensibilityGlobals) = postSolution
		SolutionGuid = {660BE223-1945-4996-9EAD-218A5F93A834}
	EndGlobalSection
EndGlobal
